
Microsoft Visual Studio Solution File, Format Version 12.00
# Visual Studio Version 16
VisualStudioVersion = 16.0.29215.179
MinimumVisualStudioVersion = 10.0.40219.1
Project("{00D1A9C2-B5F0-4AF3-8072-F6C62B433612}") = "DBProject", "DBProject.sqlproj", "{B71F5776-1350-4D04-A5EF-5DBCE689799B}"
EndProject
Global
	GlobalSection(SolutionConfigurationPlatforms) = preSolution
		Debug|Any CPU = Debug|Any CPU
		Release|Any CPU = Release|Any CPU
	EndGlobalSection
	GlobalSection(ProjectConfigurationPlatforms) = postSolution
		{B71F5776-1350-4D04-A5EF-5DBCE689799B}.Debug|Any CPU.ActiveCfg = Debug|Any CPU
		{B71F5776-1350-4D04-A5EF-5DBCE689799B}.Debug|Any CPU.Build.0 = Debug|Any CPU
		{B71F5776-1350-4D04-A5EF-5DBCE689799B}.Debug|Any CPU.Deploy.0 = Debug|Any CPU
		{B71F5776-1350-4D04-A5EF-5DBCE689799B}.Release|Any CPU.ActiveCfg = Release|Any CPU
		{B71F5776-1350-4D04-A5EF-5DBCE689799B}.Release|Any CPU.Build.0 = Release|Any CPU
		{B71F5776-1350-4D04-A5EF-5DBCE689799B}.Release|Any CPU.Deploy.0 = Release|Any CPU
	EndGlobalSection
	GlobalSection(SolutionProperties) = preSolution
		HideSolutionNode = FALSE
	EndGlobalSection
	GlobalSection(ExtensibilityGlobals) = postSolution
		SolutionGuid = {164A3C40-883A-43ED-A31A-E345701AB21F}
	EndGlobalSection
EndGlobal
